PODS:
  - FMDB (2.5):
    - FMDB/standard (= 2.5)
  - FMDB/common (2.5)
  - FMDB/standard (2.5):
    - FMDB/common
  - iCarousel (1.8.1)
  - MBProgressHUD (0.9)
  - Reveal-iOS-SDK (1.5.1)

DEPENDENCIES:
  - FMDB (~> 2.5)
  - iCarousel (~> 1.8.1)
  - MBProgressHUD (~> 0.9)
  - Reveal-iOS-SDK

SPEC CHECKSUMS:
  FMDB: 96e8f1bcc1329e269330f99770ad4285d9003e52
  iCarousel: dace1cb858e3f4dc2614bee3201041247f82feda
  MBProgressHUD: d8e7ea388dc1549a42e0d219067cf5f2c898fb66
  Reveal-iOS-SDK: c9c55cad2729c85f6ced415f1b21857c9a2d8ef9

COCOAPODS: 0.37.2
