// !$*UTF8*$!
{
	archiveVersion = 1;
	classes = {
	};
	objectVersion = 46;
	objects = {

/* Begin PBXBuildFile section */
		0CE29A4E76B0301092822169 /* libPods.a in Frameworks */ = {isa = PBXBuildFile; fileRef = 9235D4BB5A0612DF98723B17 /* libPods.a */; };
		18DC87E71A7FD555004E1C45 /* SplitLabel.m in Sources */ = {isa = PBXBuildFile; fileRef = 18DC87E61A7FD555004E1C45 /* SplitLabel.m */; };
		1D11EDD51A7F2E7100425575 /* PicTableViewCell.m in Sources */ = {isa = PBXBuildFile; fileRef = 1D11EDD41A7F2E7100425575 /* PicTableViewCell.m */; };
		1D11EDDB1A7F8E6800425575 /* GameView.m in Sources */ = {isa = PBXBuildFile; fileRef = 1D11EDDA1A7F8E6800425575 /* GameView.m */; };
		1D17EE851A7CD6E300C3D8C7 /* Foundation.framework in Frameworks */ = {isa = PBXBuildFile; fileRef = 1D17EE841A7CD6E300C3D8C7 /* Foundation.framework */; };
		1D17EE871A7CD6E300C3D8C7 /* CoreGraphics.framework in Frameworks */ = {isa = PBXBuildFile; fileRef = 1D17EE861A7CD6E300C3D8C7 /* CoreGraphics.framework */; };
		1D17EE891A7CD6E300C3D8C7 /* UIKit.framework in Frameworks */ = {isa = PBXBuildFile; fileRef = 1D17EE881A7CD6E300C3D8C7 /* UIKit.framework */; };
		1D17EE8F1A7CD6E300C3D8C7 /* InfoPlist.strings in Resources */ = {isa = PBXBuildFile; fileRef = 1D17EE8D1A7CD6E300C3D8C7 /* InfoPlist.strings */; };
		1D17EE911A7CD6E300C3D8C7 /* main.m in Sources */ = {isa = PBXBuildFile; fileRef = 1D17EE901A7CD6E300C3D8C7 /* main.m */; };
		1D17EE951A7CD6E300C3D8C7 /* AppDelegate.m in Sources */ = {isa = PBXBuildFile; fileRef = 1D17EE941A7CD6E300C3D8C7 /* AppDelegate.m */; };
		1D17EE971A7CD6E300C3D8C7 /* Images.xcassets in Resources */ = {isa = PBXBuildFile; fileRef = 1D17EE961A7CD6E300C3D8C7 /* Images.xcassets */; };
		1D17EE9E1A7CD6E400C3D8C7 /* XCTest.framework in Frameworks */ = {isa = PBXBuildFile; fileRef = 1D17EE9D1A7CD6E400C3D8C7 /* XCTest.framework */; };
		1D17EE9F1A7CD6E400C3D8C7 /* Foundation.framework in Frameworks */ = {isa = PBXBuildFile; fileRef = 1D17EE841A7CD6E300C3D8C7 /* Foundation.framework */; };
		1D17EEA01A7CD6E400C3D8C7 /* UIKit.framework in Frameworks */ = {isa = PBXBuildFile; fileRef = 1D17EE881A7CD6E300C3D8C7 /* UIKit.framework */; };
		1D17EEA81A7CD6E400C3D8C7 /* InfoPlist.strings in Resources */ = {isa = PBXBuildFile; fileRef = 1D17EEA61A7CD6E400C3D8C7 /* InfoPlist.strings */; };
		1D17EEAA1A7CD6E400C3D8C7 /* JigsawTests.m in Sources */ = {isa = PBXBuildFile; fileRef = 1D17EEA91A7CD6E400C3D8C7 /* JigsawTests.m */; };
		1D17EEBF1A7CD82900C3D8C7 /* MainViewController.m in Sources */ = {isa = PBXBuildFile; fileRef = 1D17EEBD1A7CD82900C3D8C7 /* MainViewController.m */; };
		1D17EEC01A7CD82900C3D8C7 /* MainViewController.xib in Resources */ = {isa = PBXBuildFile; fileRef = 1D17EEBE1A7CD82900C3D8C7 /* MainViewController.xib */; };
		1D17EEC71A7CD8B900C3D8C7 /* GameViewController.m in Sources */ = {isa = PBXBuildFile; fileRef = 1D17EEC51A7CD8B900C3D8C7 /* GameViewController.m */; };
		1D17EEC81A7CD8B900C3D8C7 /* GameViewController.xib in Resources */ = {isa = PBXBuildFile; fileRef = 1D17EEC61A7CD8B900C3D8C7 /* GameViewController.xib */; };
		1D17EECF1A7CD8DD00C3D8C7 /* SettingViewController.m in Sources */ = {isa = PBXBuildFile; fileRef = 1D17EECD1A7CD8DD00C3D8C7 /* SettingViewController.m */; };
		1D17EED01A7CD8DD00C3D8C7 /* SettingViewController.xib in Resources */ = {isa = PBXBuildFile; fileRef = 1D17EECE1A7CD8DD00C3D8C7 /* SettingViewController.xib */; };
		1D5248DB1A80704D0074F6D4 /* SplitView.m in Sources */ = {isa = PBXBuildFile; fileRef = 1D5248DA1A80704D0074F6D4 /* SplitView.m */; };
		1D65EB0B1A823BEA001DA771 /* DBHelper.m in Sources */ = {isa = PBXBuildFile; fileRef = 1D65EB0A1A823BEA001DA771 /* DBHelper.m */; };
		1D7A4B901A7CE84C0038EFAD /* UIView+CaptureView.m in Sources */ = {isa = PBXBuildFile; fileRef = 1D7A4B8F1A7CE84C0038EFAD /* UIView+CaptureView.m */; };
/* End PBXBuildFile section */

/* Begin PBXContainerItemProxy section */
		1D17EEA11A7CD6E400C3D8C7 /* PBXContainerItemProxy */ = {
			isa = PBXContainerItemProxy;
			containerPortal = 1D17EE791A7CD6E300C3D8C7 /* Project object */;
			proxyType = 1;
			remoteGlobalIDString = 1D17EE801A7CD6E300C3D8C7;
			remoteInfo = Jigsaw;
		};
/* End PBXContainerItemProxy section */

/* Begin PBXFileReference section */
		18DC87E51A7FD555004E1C45 /* SplitLabel.h */ = {isa = PBXFileReference; fileEncoding = 4; lastKnownFileType = sourcecode.c.h; path = SplitLabel.h; sourceTree = "<group>"; };
		18DC87E61A7FD555004E1C45 /* SplitLabel.m */ = {isa = PBXFileReference; fileEncoding = 4; lastKnownFileType = sourcecode.c.objc; path = SplitLabel.m; sourceTree = "<group>"; };
		1D11EDD31A7F2E7100425575 /* PicTableViewCell.h */ = {isa = PBXFileReference; fileEncoding = 4; lastKnownFileType = sourcecode.c.h; path = PicTableViewCell.h; sourceTree = "<group>"; };
		1D11EDD41A7F2E7100425575 /* PicTableViewCell.m */ = {isa = PBXFileReference; fileEncoding = 4; lastKnownFileType = sourcecode.c.objc; path = PicTableViewCell.m; sourceTree = "<group>"; };
		1D11EDD71A7F2FB300425575 /* ViewMacro.h */ = {isa = PBXFileReference; fileEncoding = 4; lastKnownFileType = sourcecode.c.h; path = ViewMacro.h; sourceTree = "<group>"; };
		1D11EDD81A7F2FC600425575 /* AppMacro.h */ = {isa = PBXFileReference; fileEncoding = 4; lastKnownFileType = sourcecode.c.h; path = AppMacro.h; sourceTree = "<group>"; };
		1D11EDD91A7F8E6800425575 /* GameView.h */ = {isa = PBXFileReference; fileEncoding = 4; lastKnownFileType = sourcecode.c.h; path = GameView.h; sourceTree = "<group>"; };
		1D11EDDA1A7F8E6800425575 /* GameView.m */ = {isa = PBXFileReference; fileEncoding = 4; lastKnownFileType = sourcecode.c.objc; path = GameView.m; sourceTree = "<group>"; };
		1D17EE811A7CD6E300C3D8C7 /* Jigsaw.app */ = {isa = PBXFileReference; explicitFileType = wrapper.application; includeInIndex = 0; path = Jigsaw.app; sourceTree = BUILT_PRODUCTS_DIR; };
		1D17EE841A7CD6E300C3D8C7 /* Foundation.framework */ = {isa = PBXFileReference; lastKnownFileType = wrapper.framework; name = Foundation.framework; path = System/Library/Frameworks/Foundation.framework; sourceTree = SDKROOT; };
		1D17EE861A7CD6E300C3D8C7 /* CoreGraphics.framework */ = {isa = PBXFileReference; lastKnownFileType = wrapper.framework; name = CoreGraphics.framework; path = System/Library/Frameworks/CoreGraphics.framework; sourceTree = SDKROOT; };
		1D17EE881A7CD6E300C3D8C7 /* UIKit.framework */ = {isa = PBXFileReference; lastKnownFileType = wrapper.framework; name = UIKit.framework; path = System/Library/Frameworks/UIKit.framework; sourceTree = SDKROOT; };
		1D17EE8C1A7CD6E300C3D8C7 /* Jigsaw-Info.plist */ = {isa = PBXFileReference; lastKnownFileType = text.plist.xml; path = "Jigsaw-Info.plist"; sourceTree = "<group>"; };
		1D17EE8E1A7CD6E300C3D8C7 /* en */ = {isa = PBXFileReference; lastKnownFileType = text.plist.strings; name = en; path = en.lproj/InfoPlist.strings; sourceTree = "<group>"; };
		1D17EE901A7CD6E300C3D8C7 /* main.m */ = {isa = PBXFileReference; lastKnownFileType = sourcecode.c.objc; path = main.m; sourceTree = "<group>"; };
		1D17EE921A7CD6E300C3D8C7 /* Jigsaw-Prefix.pch */ = {isa = PBXFileReference; lastKnownFileType = sourcecode.c.h; path = "Jigsaw-Prefix.pch"; sourceTree = "<group>"; };
		1D17EE931A7CD6E300C3D8C7 /* AppDelegate.h */ = {isa = PBXFileReference; lastKnownFileType = sourcecode.c.h; path = AppDelegate.h; sourceTree = "<group>"; };
		1D17EE941A7CD6E300C3D8C7 /* AppDelegate.m */ = {isa = PBXFileReference; lastKnownFileType = sourcecode.c.objc; path = AppDelegate.m; sourceTree = "<group>"; };
		1D17EE961A7CD6E300C3D8C7 /* Images.xcassets */ = {isa = PBXFileReference; lastKnownFileType = folder.assetcatalog; path = Images.xcassets; sourceTree = "<group>"; };
		1D17EE9C1A7CD6E400C3D8C7 /* JigsawTests.xctest */ = {isa = PBXFileReference; explicitFileType = wrapper.cfbundle; includeInIndex = 0; path = JigsawTests.xctest; sourceTree = BUILT_PRODUCTS_DIR; };
		1D17EE9D1A7CD6E400C3D8C7 /* XCTest.framework */ = {isa = PBXFileReference; lastKnownFileType = wrapper.framework; name = XCTest.framework; path = Library/Frameworks/XCTest.framework; sourceTree = DEVELOPER_DIR; };
		1D17EEA51A7CD6E400C3D8C7 /* JigsawTests-Info.plist */ = {isa = PBXFileReference; lastKnownFileType = text.plist.xml; path = "JigsawTests-Info.plist"; sourceTree = "<group>"; };
		1D17EEA71A7CD6E400C3D8C7 /* en */ = {isa = PBXFileReference; lastKnownFileType = text.plist.strings; name = en; path = en.lproj/InfoPlist.strings; sourceTree = "<group>"; };
		1D17EEA91A7CD6E400C3D8C7 /* JigsawTests.m */ = {isa = PBXFileReference; lastKnownFileType = sourcecode.c.objc; path = JigsawTests.m; sourceTree = "<group>"; };
		1D17EEBC1A7CD82900C3D8C7 /* MainViewController.h */ = {isa = PBXFileReference; fileEncoding = 4; lastKnownFileType = sourcecode.c.h; path = MainViewController.h; sourceTree = "<group>"; };
		1D17EEBD1A7CD82900C3D8C7 /* MainViewController.m */ = {isa = PBXFileReference; fileEncoding = 4; lastKnownFileType = sourcecode.c.objc; path = MainViewController.m; sourceTree = "<group>"; };
		1D17EEBE1A7CD82900C3D8C7 /* MainViewController.xib */ = {isa = PBXFileReference; fileEncoding = 4; lastKnownFileType = file.xib; path = MainViewController.xib; sourceTree = "<group>"; };
		1D17EEC41A7CD8B900C3D8C7 /* GameViewController.h */ = {isa = PBXFileReference; fileEncoding = 4; lastKnownFileType = sourcecode.c.h; path = GameViewController.h; sourceTree = "<group>"; };
		1D17EEC51A7CD8B900C3D8C7 /* GameViewController.m */ = {isa = PBXFileReference; fileEncoding = 4; lastKnownFileType = sourcecode.c.objc; path = GameViewController.m; sourceTree = "<group>"; };
		1D17EEC61A7CD8B900C3D8C7 /* GameViewController.xib */ = {isa = PBXFileReference; fileEncoding = 4; lastKnownFileType = file.xib; path = GameViewController.xib; sourceTree = "<group>"; };
		1D17EECC1A7CD8DD00C3D8C7 /* SettingViewController.h */ = {isa = PBXFileReference; fileEncoding = 4; lastKnownFileType = sourcecode.c.h; path = SettingViewController.h; sourceTree = "<group>"; };
		1D17EECD1A7CD8DD00C3D8C7 /* SettingViewController.m */ = {isa = PBXFileReference; fileEncoding = 4; lastKnownFileType = sourcecode.c.objc; path = SettingViewController.m; sourceTree = "<group>"; };
		1D17EECE1A7CD8DD00C3D8C7 /* SettingViewController.xib */ = {isa = PBXFileReference; fileEncoding = 4; lastKnownFileType = file.xib; path = SettingViewController.xib; sourceTree = "<group>"; };
		1D5248D91A80704D0074F6D4 /* SplitView.h */ = {isa = PBXFileReference; fileEncoding = 4; lastKnownFileType = sourcecode.c.h; path = SplitView.h; sourceTree = "<group>"; };
		1D5248DA1A80704D0074F6D4 /* SplitView.m */ = {isa = PBXFileReference; fileEncoding = 4; lastKnownFileType = sourcecode.c.objc; path = SplitView.m; sourceTree = "<group>"; };
		1D65EB091A823BEA001DA771 /* DBHelper.h */ = {isa = PBXFileReference; fileEncoding = 4; lastKnownFileType = sourcecode.c.h; path = DBHelper.h; sourceTree = "<group>"; };
		1D65EB0A1A823BEA001DA771 /* DBHelper.m */ = {isa = PBXFileReference; fileEncoding = 4; lastKnownFileType = sourcecode.c.objc; path = DBHelper.m; sourceTree = "<group>"; };
		1D65EB0C1A824890001DA771 /* DatabaseMacro.h */ = {isa = PBXFileReference; fileEncoding = 4; lastKnownFileType = sourcecode.c.h; path = DatabaseMacro.h; sourceTree = "<group>"; };
		1D7A4B8E1A7CE84C0038EFAD /* UIView+CaptureView.h */ = {isa = PBXFileReference; fileEncoding = 4; lastKnownFileType = sourcecode.c.h; path = "UIView+CaptureView.h"; sourceTree = "<group>"; };
		1D7A4B8F1A7CE84C0038EFAD /* UIView+CaptureView.m */ = {isa = PBXFileReference; fileEncoding = 4; lastKnownFileType = sourcecode.c.objc; path = "UIView+CaptureView.m"; sourceTree = "<group>"; };
		9235D4BB5A0612DF98723B17 /* libPods.a */ = {isa = PBXFileReference; explicitFileType = archive.ar; includeInIndex = 0; path = libPods.a; sourceTree = BUILT_PRODUCTS_DIR; };
		C90B60DE389312F8C7E06C44 /* Pods.release.xcconfig */ = {isa = PBXFileReference; includeInIndex = 1; lastKnownFileType = text.xcconfig; name = Pods.release.xcconfig; path = "Pods/Target Support Files/Pods/Pods.release.xcconfig"; sourceTree = "<group>"; };
		EB7B6D153E95FDFE49B7906B /* Pods.debug.xcconfig */ = {isa = PBXFileReference; includeInIndex = 1; lastKnownFileType = text.xcconfig; name = Pods.debug.xcconfig; path = "Pods/Target Support Files/Pods/Pods.debug.xcconfig"; sourceTree = "<group>"; };
/* End PBXFileReference section */

/* Begin PBXFrameworksBuildPhase section */
		1D17EE7E1A7CD6E300C3D8C7 /* Frameworks */ = {
			isa = PBXFrameworksBuildPhase;
			buildActionMask = 2147483647;
			files = (
				1D17EE871A7CD6E300C3D8C7 /* CoreGraphics.framework in Frameworks */,
				1D17EE891A7CD6E300C3D8C7 /* UIKit.framework in Frameworks */,
				1D17EE851A7CD6E300C3D8C7 /* Foundation.framework in Frameworks */,
				0CE29A4E76B0301092822169 /* libPods.a in Frameworks */,
			);
			runOnlyForDeploymentPostprocessing = 0;
		};
		1D17EE991A7CD6E400C3D8C7 /* Frameworks */ = {
			isa = PBXFrameworksBuildPhase;
			buildActionMask = 2147483647;
			files = (
				1D17EE9E1A7CD6E400C3D8C7 /* XCTest.framework in Frameworks */,
				1D17EEA01A7CD6E400C3D8C7 /* UIKit.framework in Frameworks */,
				1D17EE9F1A7CD6E400C3D8C7 /* Foundation.framework in Frameworks */,
			);
			runOnlyForDeploymentPostprocessing = 0;
		};
/* End PBXFrameworksBuildPhase section */

/* Begin PBXGroup section */
		1D11EDD61A7F2F5F00425575 /* Macro */ = {
			isa = PBXGroup;
			children = (
				1D11EDD81A7F2FC600425575 /* AppMacro.h */,
				1D11EDD71A7F2FB300425575 /* ViewMacro.h */,
				1D65EB0C1A824890001DA771 /* DatabaseMacro.h */,
			);
			name = Macro;
			sourceTree = "<group>";
		};
		1D17EE781A7CD6E300C3D8C7 = {
			isa = PBXGroup;
			children = (
				1D17EE8A1A7CD6E300C3D8C7 /* Jigsaw */,
				1D17EEA31A7CD6E400C3D8C7 /* JigsawTests */,
				1D17EE831A7CD6E300C3D8C7 /* Frameworks */,
				1D17EE821A7CD6E300C3D8C7 /* Products */,
				CC5094E69853E0862B566693 /* Pods */,
			);
			sourceTree = "<group>";
		};
		1D17EE821A7CD6E300C3D8C7 /* Products */ = {
			isa = PBXGroup;
			children = (
				1D17EE811A7CD6E300C3D8C7 /* Jigsaw.app */,
				1D17EE9C1A7CD6E400C3D8C7 /* JigsawTests.xctest */,
			);
			name = Products;
			sourceTree = "<group>";
		};
		1D17EE831A7CD6E300C3D8C7 /* Frameworks */ = {
			isa = PBXGroup;
			children = (
				1D17EE841A7CD6E300C3D8C7 /* Foundation.framework */,
				1D17EE861A7CD6E300C3D8C7 /* CoreGraphics.framework */,
				1D17EE881A7CD6E300C3D8C7 /* UIKit.framework */,
				1D17EE9D1A7CD6E400C3D8C7 /* XCTest.framework */,
				9235D4BB5A0612DF98723B17 /* libPods.a */,
			);
			name = Frameworks;
			sourceTree = "<group>";
		};
		1D17EE8A1A7CD6E300C3D8C7 /* Jigsaw */ = {
			isa = PBXGroup;
			children = (
				1D17EEB31A7CD6F700C3D8C7 /* AppDelegate */,
				1D11EDD61A7F2F5F00425575 /* Macro */,
				1D17EEB41A7CD70800C3D8C7 /* Sections */,
				1D17EEB51A7CD71A00C3D8C7 /* Generals */,
				1D17EE8B1A7CD6E300C3D8C7 /* Supporting Files */,
			);
			path = Jigsaw;
			sourceTree = "<group>";
		};
		1D17EE8B1A7CD6E300C3D8C7 /* Supporting Files */ = {
			isa = PBXGroup;
			children = (
				1D17EE961A7CD6E300C3D8C7 /* Images.xcassets */,
				1D17EE8C1A7CD6E300C3D8C7 /* Jigsaw-Info.plist */,
				1D17EE8D1A7CD6E300C3D8C7 /* InfoPlist.strings */,
				1D17EE901A7CD6E300C3D8C7 /* main.m */,
				1D17EE921A7CD6E300C3D8C7 /* Jigsaw-Prefix.pch */,
			);
			name = "Supporting Files";
			sourceTree = "<group>";
		};
		1D17EEA31A7CD6E400C3D8C7 /* JigsawTests */ = {
			isa = PBXGroup;
			children = (
				1D17EEA91A7CD6E400C3D8C7 /* JigsawTests.m */,
				1D17EEA41A7CD6E400C3D8C7 /* Supporting Files */,
			);
			path = JigsawTests;
			sourceTree = "<group>";
		};
		1D17EEA41A7CD6E400C3D8C7 /* Supporting Files */ = {
			isa = PBXGroup;
			children = (
				1D17EEA51A7CD6E400C3D8C7 /* JigsawTests-Info.plist */,
				1D17EEA61A7CD6E400C3D8C7 /* InfoPlist.strings */,
			);
			name = "Supporting Files";
			sourceTree = "<group>";
		};
		1D17EEB31A7CD6F700C3D8C7 /* AppDelegate */ = {
			isa = PBXGroup;
			children = (
				1D17EE931A7CD6E300C3D8C7 /* AppDelegate.h */,
				1D17EE941A7CD6E300C3D8C7 /* AppDelegate.m */,
			);
			name = AppDelegate;
			sourceTree = "<group>";
		};
		1D17EEB41A7CD70800C3D8C7 /* Sections */ = {
			isa = PBXGroup;
			children = (
				1D17EEBB1A7CD7E500C3D8C7 /* Setting */,
				1D17EEBA1A7CD79500C3D8C7 /* Gameboard */,
				1D17EEB91A7CD77D00C3D8C7 /* Main */,
			);
			name = Sections;
			sourceTree = "<group>";
		};
		1D17EEB51A7CD71A00C3D8C7 /* Generals */ = {
			isa = PBXGroup;
			children = (
				1D17EEB81A7CD77100C3D8C7 /* Views */,
				1D17EEB71A7CD76A00C3D8C7 /* Classes */,
				1D17EEB61A7CD75A00C3D8C7 /* Categories */,
			);
			name = Generals;
			sourceTree = "<group>";
		};
		1D17EEB61A7CD75A00C3D8C7 /* Categories */ = {
			isa = PBXGroup;
			children = (
				1D7A4B8E1A7CE84C0038EFAD /* UIView+CaptureView.h */,
				1D7A4B8F1A7CE84C0038EFAD /* UIView+CaptureView.m */,
			);
			name = Categories;
			sourceTree = "<group>";
		};
		1D17EEB71A7CD76A00C3D8C7 /* Classes */ = {
			isa = PBXGroup;
			children = (
				18DC87E51A7FD555004E1C45 /* SplitLabel.h */,
				18DC87E61A7FD555004E1C45 /* SplitLabel.m */,
				1D5248D91A80704D0074F6D4 /* SplitView.h */,
				1D5248DA1A80704D0074F6D4 /* SplitView.m */,
				1D65EB091A823BEA001DA771 /* DBHelper.h */,
				1D65EB0A1A823BEA001DA771 /* DBHelper.m */,
			);
			name = Classes;
			sourceTree = "<group>";
		};
		1D17EEB81A7CD77100C3D8C7 /* Views */ = {
			isa = PBXGroup;
			children = (
				1D11EDD31A7F2E7100425575 /* PicTableViewCell.h */,
				1D11EDD41A7F2E7100425575 /* PicTableViewCell.m */,
				1D11EDD91A7F8E6800425575 /* GameView.h */,
				1D11EDDA1A7F8E6800425575 /* GameView.m */,
			);
			name = Views;
			sourceTree = "<group>";
		};
		1D17EEB91A7CD77D00C3D8C7 /* Main */ = {
			isa = PBXGroup;
			children = (
				1D17EEBC1A7CD82900C3D8C7 /* MainViewController.h */,
				1D17EEBD1A7CD82900C3D8C7 /* MainViewController.m */,
				1D17EEBE1A7CD82900C3D8C7 /* MainViewController.xib */,
			);
			name = Main;
			sourceTree = "<group>";
		};
		1D17EEBA1A7CD79500C3D8C7 /* Gameboard */ = {
			isa = PBXGroup;
			children = (
				1D17EEC41A7CD8B900C3D8C7 /* GameViewController.h */,
				1D17EEC51A7CD8B900C3D8C7 /* GameViewController.m */,
				1D17EEC61A7CD8B900C3D8C7 /* GameViewController.xib */,
			);
			name = Gameboard;
			sourceTree = "<group>";
		};
		1D17EEBB1A7CD7E500C3D8C7 /* Setting */ = {
			isa = PBXGroup;
			children = (
				1D17EECC1A7CD8DD00C3D8C7 /* SettingViewController.h */,
				1D17EECD1A7CD8DD00C3D8C7 /* SettingViewController.m */,
				1D17EECE1A7CD8DD00C3D8C7 /* SettingViewController.xib */,
			);
			name = Setting;
			sourceTree = "<group>";
		};
		CC5094E69853E0862B566693 /* Pods */ = {
			isa = PBXGroup;
			children = (
				EB7B6D153E95FDFE49B7906B /* Pods.debug.xcconfig */,
				C90B60DE389312F8C7E06C44 /* Pods.release.xcconfig */,
			);
			name = Pods;
			sourceTree = "<group>";
		};
/* End PBXGroup section */

/* Begin PBXNativeTarget section */
		1D17EE801A7CD6E300C3D8C7 /* Jigsaw */ = {
			isa = PBXNativeTarget;
			buildConfigurationList = 1D17EEAD1A7CD6E400C3D8C7 /* Build configuration list for PBXNativeTarget "Jigsaw" */;
			buildPhases = (
				7D162C49BF4353A8B973D872 /* Check Pods Manifest.lock */,
				1D17EE7D1A7CD6E300C3D8C7 /* Sources */,
				1D17EE7E1A7CD6E300C3D8C7 /* Frameworks */,
				1D17EE7F1A7CD6E300C3D8C7 /* Resources */,
				2C3FF30E0BD78A5BD5226DF4 /* Copy Pods Resources */,
			);
			buildRules = (
			);
			dependencies = (
			);
			name = Jigsaw;
			productName = Jigsaw;
			productReference = 1D17EE811A7CD6E300C3D8C7 /* Jigsaw.app */;
			productType = "com.apple.product-type.application";
		};
		1D17EE9B1A7CD6E400C3D8C7 /* JigsawTests */ = {
			isa = PBXNativeTarget;
			buildConfigurationList = 1D17EEB01A7CD6E400C3D8C7 /* Build configuration list for PBXNativeTarget "JigsawTests" */;
			buildPhases = (
				1D17EE981A7CD6E400C3D8C7 /* Sources */,
				1D17EE991A7CD6E400C3D8C7 /* Frameworks */,
				1D17EE9A1A7CD6E400C3D8C7 /* Resources */,
			);
			buildRules = (
			);
			dependencies = (
				1D17EEA21A7CD6E400C3D8C7 /* PBXTargetDependency */,
			);
			name = JigsawTests;
			productName = JigsawTests;
			productReference = 1D17EE9C1A7CD6E400C3D8C7 /* JigsawTests.xctest */;
			productType = "com.apple.product-type.bundle.unit-test";
		};
/* End PBXNativeTarget section */

/* Begin PBXProject section */
		1D17EE791A7CD6E300C3D8C7 /* Project object */ = {
			isa = PBXProject;
			attributes = {
				LastUpgradeCheck = 0510;
				ORGANIZATIONNAME = Ever;
				TargetAttributes = {
					1D17EE9B1A7CD6E400C3D8C7 = {
						TestTargetID = 1D17EE801A7CD6E300C3D8C7;
					};
				};
			};
			buildConfigurationList = 1D17EE7C1A7CD6E300C3D8C7 /* Build configuration list for PBXProject "Jigsaw" */;
			compatibilityVersion = "Xcode 3.2";
			developmentRegion = English;
			hasScannedForEncodings = 0;
			knownRegions = (
				en,
			);
			mainGroup = 1D17EE781A7CD6E300C3D8C7;
			productRefGroup = 1D17EE821A7CD6E300C3D8C7 /* Products */;
			projectDirPath = "";
			projectRoot = "";
			targets = (
				1D17EE801A7CD6E300C3D8C7 /* Jigsaw */,
				1D17EE9B1A7CD6E400C3D8C7 /* JigsawTests */,
			);
		};
/* End PBXProject section */

/* Begin PBXResourcesBuildPhase section */
		1D17EE7F1A7CD6E300C3D8C7 /* Resources */ = {
			isa = PBXResourcesBuildPhase;
			buildActionMask = 2147483647;
			files = (
				1D17EEC81A7CD8B900C3D8C7 /* GameViewController.xib in Resources */,
				1D17EED01A7CD8DD00C3D8C7 /* SettingViewController.xib in Resources */,
				1D17EE8F1A7CD6E300C3D8C7 /* InfoPlist.strings in Resources */,
				1D17EEC01A7CD82900C3D8C7 /* MainViewController.xib in Resources */,
				1D17EE971A7CD6E300C3D8C7 /* Images.xcassets in Resources */,
			);
			runOnlyForDeploymentPostprocessing = 0;
		};
		1D17EE9A1A7CD6E400C3D8C7 /* Resources */ = {
			isa = PBXResourcesBuildPhase;
			buildActionMask = 2147483647;
			files = (
				1D17EEA81A7CD6E400C3D8C7 /* InfoPlist.strings in Resources */,
			);
			runOnlyForDeploymentPostprocessing = 0;
		};
/* End PBXResourcesBuildPhase section */

/* Begin PBXShellScriptBuildPhase section */
		2C3FF30E0BD78A5BD5226DF4 /* Copy Pods Resources */ = {
			isa = PBXShellScriptBuildPhase;
			buildActionMask = 2147483647;
			files = (
			);
			inputPaths = (
			);
			name = "Copy Pods Resources";
			outputPaths = (
			);
			runOnlyForDeploymentPostprocessing = 0;
			shellPath = /bin/sh;
			shellScript = "\"${SRCROOT}/Pods/Target Support Files/Pods/Pods-resources.sh\"\n";
			showEnvVarsInLog = 0;
		};
		7D162C49BF4353A8B973D872 /* Check Pods Manifest.lock */ = {
			isa = PBXShellScriptBuildPhase;
			buildActionMask = 2147483647;
			files = (
			);
			inputPaths = (
			);
			name = "Check Pods Manifest.lock";
			outputPaths = (
			);
			runOnlyForDeploymentPostprocessing = 0;
			shellPath = /bin/sh;
			shellScript = "diff \"${PODS_ROOT}/../Podfile.lock\" \"${PODS_ROOT}/Manifest.lock\" > /dev/null\nif [[ $? != 0 ]] ; then\n    cat << EOM\nerror: The sandbox is not in sync with the Podfile.lock. Run 'pod install' or update your CocoaPods installation.\nEOM\n    exit 1\nfi\n";
			showEnvVarsInLog = 0;
		};
/* End PBXShellScriptBuildPhase section */

/* Begin PBXSourcesBuildPhase section */
		1D17EE7D1A7CD6E300C3D8C7 /* Sources */ = {
			isa = PBXSourcesBuildPhase;
			buildActionMask = 2147483647;
			files = (
				1D17EEC71A7CD8B900C3D8C7 /* GameViewController.m in Sources */,
				1D17EE951A7CD6E300C3D8C7 /* AppDelegate.m in Sources */,
				1D11EDDB1A7F8E6800425575 /* GameView.m in Sources */,
				1D5248DB1A80704D0074F6D4 /* SplitView.m in Sources */,
				18DC87E71A7FD555004E1C45 /* SplitLabel.m in Sources */,
				1D11EDD51A7F2E7100425575 /* PicTableViewCell.m in Sources */,
				1D7A4B901A7CE84C0038EFAD /* UIView+CaptureView.m in Sources */,
				1D17EEBF1A7CD82900C3D8C7 /* MainViewController.m in Sources */,
				1D17EE911A7CD6E300C3D8C7 /* main.m in Sources */,
				1D65EB0B1A823BEA001DA771 /* DBHelper.m in Sources */,
				1D17EECF1A7CD8DD00C3D8C7 /* SettingViewController.m in Sources */,
			);
			runOnlyForDeploymentPostprocessing = 0;
		};
		1D17EE981A7CD6E400C3D8C7 /* Sources */ = {
			isa = PBXSourcesBuildPhase;
			buildActionMask = 2147483647;
			files = (
				1D17EEAA1A7CD6E400C3D8C7 /* JigsawTests.m in Sources */,
			);
			runOnlyForDeploymentPostprocessing = 0;
		};
/* End PBXSourcesBuildPhase section */

/* Begin PBXTargetDependency section */
		1D17EEA21A7CD6E400C3D8C7 /* PBXTargetDependency */ = {
			isa = PBXTargetDependency;
			target = 1D17EE801A7CD6E300C3D8C7 /* Jigsaw */;
			targetProxy = 1D17EEA11A7CD6E400C3D8C7 /* PBXContainerItemProxy */;
		};
/* End PBXTargetDependency section */

/* Begin PBXVariantGroup section */
		1D17EE8D1A7CD6E300C3D8C7 /* InfoPlist.strings */ = {
			isa = PBXVariantGroup;
			children = (
				1D17EE8E1A7CD6E300C3D8C7 /* en */,
			);
			name = InfoPlist.strings;
			sourceTree = "<group>";
		};
		1D17EEA61A7CD6E400C3D8C7 /* InfoPlist.strings */ = {
			isa = PBXVariantGroup;
			children = (
				1D17EEA71A7CD6E400C3D8C7 /* en */,
			);
			name = InfoPlist.strings;
			sourceTree = "<group>";
		};
/* End PBXVariantGroup section */

/* Begin XCBuildConfiguration section */
		1D17EEAB1A7CD6E400C3D8C7 /* Debug */ = {
			isa = XCBuildConfiguration;
			buildSettings = {
				ALWAYS_SEARCH_USER_PATHS = NO;
				CLANG_CXX_LANGUAGE_STANDARD = "gnu++0x";
				CLANG_CXX_LIBRARY = "libc++";
				CLANG_ENABLE_MODULES = YES;
				CLANG_ENABLE_OBJC_ARC = YES;
				CLANG_WARN_BOOL_CONVERSION = YES;
				CLANG_WARN_CONSTANT_CONVERSION = YES;
				CLANG_WARN_DIRECT_OBJC_ISA_USAGE = YES_ERROR;
				CLANG_WARN_EMPTY_BODY = YES;
				CLANG_WARN_ENUM_CONVERSION = YES;
				CLANG_WARN_INT_CONVERSION = YES;
				CLANG_WARN_OBJC_ROOT_CLASS = YES_ERROR;
				CLANG_WARN__DUPLICATE_METHOD_MATCH = YES;
				"CODE_SIGN_IDENTITY[sdk=iphoneos*]" = "iPhone Developer";
				COPY_PHASE_STRIP = NO;
				GCC_C_LANGUAGE_STANDARD = gnu99;
				GCC_DYNAMIC_NO_PIC = NO;
				GCC_OPTIMIZATION_LEVEL = 0;
				GCC_PREPROCESSOR_DEFINITIONS = (
					"DEBUG=1",
					"$(inherited)",
				);
				GCC_SYMBOLS_PRIVATE_EXTERN = NO;
				GCC_WARN_64_TO_32_BIT_CONVERSION = YES;
				GCC_WARN_ABOUT_RETURN_TYPE = YES_ERROR;
				GCC_WARN_UNDECLARED_SELECTOR = YES;
				GCC_WARN_UNINITIALIZED_AUTOS = YES_AGGRESSIVE;
				GCC_WARN_UNUSED_FUNCTION = YES;
				GCC_WARN_UNUSED_VARIABLE = YES;
				HEADER_SEARCH_PATHS = (
					"$(inherited)",
					/Applications/Xcode.app/Contents/Developer/Toolchains/XcodeDefault.xctoolchain/usr/include,
					"${SRCROOT}/**",
				);
				IPHONEOS_DEPLOYMENT_TARGET = 6.0;
				ONLY_ACTIVE_ARCH = YES;
				SDKROOT = iphoneos;
			};
			name = Debug;
		};
		1D17EEAC1A7CD6E400C3D8C7 /* Release */ = {
			isa = XCBuildConfiguration;
			buildSettings = {
				ALWAYS_SEARCH_USER_PATHS = NO;
				CLANG_CXX_LANGUAGE_STANDARD = "gnu++0x";
				CLANG_CXX_LIBRARY = "libc++";
				CLANG_ENABLE_MODULES = YES;
				CLANG_ENABLE_OBJC_ARC = YES;
				CLANG_WARN_BOOL_CONVERSION = YES;
				CLANG_WARN_CONSTANT_CONVERSION = YES;
				CLANG_WARN_DIRECT_OBJC_ISA_USAGE = YES_ERROR;
				CLANG_WARN_EMPTY_BODY = YES;
				CLANG_WARN_ENUM_CONVERSION = YES;
				CLANG_WARN_INT_CONVERSION = YES;
				CLANG_WARN_OBJC_ROOT_CLASS = YES_ERROR;
				CLANG_WARN__DUPLICATE_METHOD_MATCH = YES;
				"CODE_SIGN_IDENTITY[sdk=iphoneos*]" = "iPhone Developer";
				COPY_PHASE_STRIP = YES;
				ENABLE_NS_ASSERTIONS = NO;
				GCC_C_LANGUAGE_STANDARD = gnu99;
				GCC_WARN_64_TO_32_BIT_CONVERSION = YES;
				GCC_WARN_ABOUT_RETURN_TYPE = YES_ERROR;
				GCC_WARN_UNDECLARED_SELECTOR = YES;
				GCC_WARN_UNINITIALIZED_AUTOS = YES_AGGRESSIVE;
				GCC_WARN_UNUSED_FUNCTION = YES;
				GCC_WARN_UNUSED_VARIABLE = YES;
				HEADER_SEARCH_PATHS = (
					"$(inherited)",
					/Applications/Xcode.app/Contents/Developer/Toolchains/XcodeDefault.xctoolchain/usr/include,
					"${SRCROOT}/**",
				);
				IPHONEOS_DEPLOYMENT_TARGET = 6.0;
				SDKROOT = iphoneos;
				VALIDATE_PRODUCT = YES;
			};
			name = Release;
		};
		1D17EEAE1A7CD6E400C3D8C7 /* Debug */ = {
			isa = XCBuildConfiguration;
			baseConfigurationReference = EB7B6D153E95FDFE49B7906B /* Pods.debug.xcconfig */;
			buildSettings = {
				ASSETCATALOG_COMPILER_APPICON_NAME = AppIcon;
				ASSETCATALOG_COMPILER_LAUNCHIMAGE_NAME = LaunchImage;
				GCC_PRECOMPILE_PREFIX_HEADER = YES;
				GCC_PREFIX_HEADER = "Jigsaw/Jigsaw-Prefix.pch";
				HEADER_SEARCH_PATHS = (
					"\"${PODS_ROOT}/Headers/Public\"",
					"\"${PODS_ROOT}/Headers/Public/FMDB\"",
					"${SRCROOT}/**",
				);
				INFOPLIST_FILE = "Jigsaw/Jigsaw-Info.plist";
				IPHONEOS_DEPLOYMENT_TARGET = 6.0;
				PRODUCT_NAME = "$(TARGET_NAME)";
				USER_HEADER_SEARCH_PATHS = "${SRCROOT}/**";
				WRAPPER_EXTENSION = app;
			};
			name = Debug;
		};
		1D17EEAF1A7CD6E400C3D8C7 /* Release */ = {
			isa = XCBuildConfiguration;
			baseConfigurationReference = C90B60DE389312F8C7E06C44 /* Pods.release.xcconfig */;
			buildSettings = {
				ASSETCATALOG_COMPILER_APPICON_NAME = AppIcon;
				ASSETCATALOG_COMPILER_LAUNCHIMAGE_NAME = LaunchImage;
				GCC_PRECOMPILE_PREFIX_HEADER = YES;
				GCC_PREFIX_HEADER = "Jigsaw/Jigsaw-Prefix.pch";
				HEADER_SEARCH_PATHS = (
					"\"${PODS_ROOT}/Headers/Public\"",
					"\"${PODS_ROOT}/Headers/Public/FMDB\"",
					"${SRCROOT}/**",
				);
				INFOPLIST_FILE = "Jigsaw/Jigsaw-Info.plist";
				IPHONEOS_DEPLOYMENT_TARGET = 6.0;
				PRODUCT_NAME = "$(TARGET_NAME)";
				USER_HEADER_SEARCH_PATHS = "${SRCROOT}/**";
				WRAPPER_EXTENSION = app;
			};
			name = Release;
		};
		1D17EEB11A7CD6E400C3D8C7 /* Debug */ = {
			isa = XCBuildConfiguration;
			buildSettings = {
				BUNDLE_LOADER = "$(BUILT_PRODUCTS_DIR)/Jigsaw.app/Jigsaw";
				FRAMEWORK_SEARCH_PATHS = (
					"$(SDKROOT)/Developer/Library/Frameworks",
					"$(inherited)",
					"$(DEVELOPER_FRAMEWORKS_DIR)",
				);
				GCC_PRECOMPILE_PREFIX_HEADER = YES;
				GCC_PREFIX_HEADER = "Jigsaw/Jigsaw-Prefix.pch";
				GCC_PREPROCESSOR_DEFINITIONS = (
					"DEBUG=1",
					"$(inherited)",
				);
				INFOPLIST_FILE = "JigsawTests/JigsawTests-Info.plist";
				PRODUCT_NAME = "$(TARGET_NAME)";
				TEST_HOST = "$(BUNDLE_LOADER)";
				WRAPPER_EXTENSION = xctest;
			};
			name = Debug;
		};
		1D17EEB21A7CD6E400C3D8C7 /* Release */ = {
			isa = XCBuildConfiguration;
			buildSettings = {
				BUNDLE_LOADER = "$(BUILT_PRODUCTS_DIR)/Jigsaw.app/Jigsaw";
				FRAMEWORK_SEARCH_PATHS = (
					"$(SDKROOT)/Developer/Library/Frameworks",
					"$(inherited)",
					"$(DEVELOPER_FRAMEWORKS_DIR)",
				);
				GCC_PRECOMPILE_PREFIX_HEADER = YES;
				GCC_PREFIX_HEADER = "Jigsaw/Jigsaw-Prefix.pch";
				INFOPLIST_FILE = "JigsawTests/JigsawTests-Info.plist";
				PRODUCT_NAME = "$(TARGET_NAME)";
				TEST_HOST = "$(BUNDLE_LOADER)";
				WRAPPER_EXTENSION = xctest;
			};
			name = Release;
		};
/* End XCBuildConfiguration section */

/* Begin XCConfigurationList section */
		1D17EE7C1A7CD6E300C3D8C7 /* Build configuration list for PBXProject "Jigsaw" */ = {
			isa = XCConfigurationList;
			buildConfigurations = (
				1D17EEAB1A7CD6E400C3D8C7 /* Debug */,
				1D17EEAC1A7CD6E400C3D8C7 /* Release */,
			);
			defaultConfigurationIsVisible = 0;
			defaultConfigurationName = Release;
		};
		1D17EEAD1A7CD6E400C3D8C7 /* Build configuration list for PBXNativeTarget "Jigsaw" */ = {
			isa = XCConfigurationList;
			buildConfigurations = (
				1D17EEAE1A7CD6E400C3D8C7 /* Debug */,
				1D17EEAF1A7CD6E400C3D8C7 /* Release */,
			);
			defaultConfigurationIsVisible = 0;
			defaultConfigurationName = Release;
		};
		1D17EEB01A7CD6E400C3D8C7 /* Build configuration list for PBXNativeTarget "JigsawTests" */ = {
			isa = XCConfigurationList;
			buildConfigurations = (
				1D17EEB11A7CD6E400C3D8C7 /* Debug */,
				1D17EEB21A7CD6E400C3D8C7 /* Release */,
			);
			defaultConfigurationIsVisible = 0;
			defaultConfigurationName = Release;
		};
/* End XCConfigurationList section */
	};
	rootObject = 1D17EE791A7CD6E300C3D8C7 /* Project object */;
}
